
Microsoft Visual Studio Solution File, Format Version 12.00
# Visual Studio Version 16
VisualStudioVersion = 16.0.29519.87
MinimumVisualStudioVersion = 10.0.40219.1
Project("{9A19103F-16F7-4668-BE54-9A1E7A4F7556}") = "ekklesia", "ekklesia\ekklesia.csproj", "{53F740FB-03C8-416E-BAED-44F5807D07BD}"
EndProject
Project("{2150E333-8FDC-42A3-9474-1A3956D46DE8}") = "tests", "tests", "{8C22C390-FDA5-42DD-8FD2-1921B40D5E9B}"
EndProject
Project("{2150E333-8FDC-42A3-9474-1A3956D46DE8}") = "app", "app", "{9B949A35-6EEB-437B-BC28-7690127E5F81}"
EndProject
Project("{9A19103F-16F7-4668-BE54-9A1E7A4F7556}") = "TestEkkleia", "TestEkkleia\TestEkkleia.csproj", "{C9190C10-CC17-452F-899F-C46721EBF4E0}"
EndProject
Project("{2150E333-8FDC-42A3-9474-1A3956D46DE8}") = "services", "services", "{D8EE93FC-D765-47FC-AD73-C308F6FFB9A0}"
EndProject
Project("{9A19103F-16F7-4668-BE54-9A1E7A4F7556}") = "ekklesiapi", "ekklesiapi\ekklesiapi.csproj", "{8BB68ED0-867E-47B8-A4B9-C3509748FAEA}"
EndProject
Project("{2150E333-8FDC-42A3-9474-1A3956D46DE8}") = "Solution Items", "Solution Items", "{2C31427D-AD2C-46F9-9274-DC18FB4F7FB0}"
	ProjectSection(SolutionItems) = preProject
		Dockerfile.txt = Dockerfile.txt
	EndProjectSection
EndProject
Project("{E53339B2-1760-4266-BCC7-CA923CBCF16C}") = "docker-compose", "docker-compose.dcproj", "{03EE9477-F2C7-4DF7-9F32-3A88EB0D4830}"
EndProject
Global
	GlobalSection(SolutionConfigurationPlatforms) = preSolution
		Debug|Any CPU = Debug|Any CPU
		Release|Any CPU = Release|Any CPU
	EndGlobalSection
	GlobalSection(ProjectConfigurationPlatforms) = postSolution
		{53F740FB-03C8-416E-BAED-44F5807D07BD}.Debug|Any CPU.ActiveCfg = Debug|Any CPU
		{53F740FB-03C8-416E-BAED-44F5807D07BD}.Debug|Any CPU.Build.0 = Debug|Any CPU
		{53F740FB-03C8-416E-BAED-44F5807D07BD}.Release|Any CPU.ActiveCfg = Release|Any CPU
		{53F740FB-03C8-416E-BAED-44F5807D07BD}.Release|Any CPU.Build.0 = Release|Any CPU
		{C9190C10-CC17-452F-899F-C46721EBF4E0}.Debug|Any CPU.ActiveCfg = Debug|Any CPU
		{C9190C10-CC17-452F-899F-C46721EBF4E0}.Debug|Any CPU.Build.0 = Debug|Any CPU
		{C9190C10-CC17-452F-899F-C46721EBF4E0}.Release|Any CPU.ActiveCfg = Release|Any CPU
		{C9190C10-CC17-452F-899F-C46721EBF4E0}.Release|Any CPU.Build.0 = Release|Any CPU
		{8BB68ED0-867E-47B8-A4B9-C3509748FAEA}.Debug|Any CPU.ActiveCfg = Debug|Any CPU
		{8BB68ED0-867E-47B8-A4B9-C3509748FAEA}.Debug|Any CPU.Build.0 = Debug|Any CPU
		{8BB68ED0-867E-47B8-A4B9-C3509748FAEA}.Release|Any CPU.ActiveCfg = Release|Any CPU
		{8BB68ED0-867E-47B8-A4B9-C3509748FAEA}.Release|Any CPU.Build.0 = Release|Any CPU
		{03EE9477-F2C7-4DF7-9F32-3A88EB0D4830}.Debug|Any CPU.ActiveCfg = Debug|Any CPU
		{03EE9477-F2C7-4DF7-9F32-3A88EB0D4830}.Debug|Any CPU.Build.0 = Debug|Any CPU
		{03EE9477-F2C7-4DF7-9F32-3A88EB0D4830}.Release|Any CPU.ActiveCfg = Release|Any CPU
		{03EE9477-F2C7-4DF7-9F32-3A88EB0D4830}.Release|Any CPU.Build.0 = Release|Any CPU
	EndGlobalSection
	GlobalSection(SolutionProperties) = preSolution
		HideSolutionNode = FALSE
	EndGlobalSection
	GlobalSection(NestedProjects) = preSolution
		{53F740FB-03C8-416E-BAED-44F5807D07BD} = {9B949A35-6EEB-437B-BC28-7690127E5F81}
		{C9190C10-CC17-452F-899F-C46721EBF4E0} = {8C22C390-FDA5-42DD-8FD2-1921B40D5E9B}
		{8BB68ED0-867E-47B8-A4B9-C3509748FAEA} = {D8EE93FC-D765-47FC-AD73-C308F6FFB9A0}
	EndGlobalSection
	GlobalSection(ExtensibilityGlobals) = postSolution
		SolutionGuid = {33C250E1-79BA-4E4A-8538-9B5C642749AC}
	EndGlobalSection
EndGlobal
